
Microsoft Visual Studio Solution File, Format Version 12.00
# Visual Studio Version 16
VisualStudioVersion = 25.0.1704.2
MinimumVisualStudioVersion = 10.0.40219.1
Project("{FAE04EC0-301F-11D3-BF4B-00C04F79EFBC}") = "async_test", "async_test.csproj", "{54A1D1CB-9508-459E-9F65-A4129FC91388}"
EndProject
Global
	GlobalSection(SolutionConfigurationPlatforms) = preSolution
		Debug|Any CPU = Debug|Any CPU
		Release|Any CPU = Release|Any CPU
	EndGlobalSection
	GlobalSection(ProjectConfigurationPlatforms) = postSolution
		{54A1D1CB-9508-459E-9F65-A4129FC91388}.Debug|Any CPU.ActiveCfg = Debug|Any CPU
		{54A1D1CB-9508-459E-9F65-A4129FC91388}.Debug|Any CPU.Build.0 = Debug|Any CPU
		{54A1D1CB-9508-459E-9F65-A4129FC91388}.Release|Any CPU.ActiveCfg = Release|Any CPU
		{54A1D1CB-9508-459E-9F65-A4129FC91388}.Release|Any CPU.Build.0 = Release|Any CPU
	EndGlobalSection
	GlobalSection(SolutionProperties) = preSolution
		HideSolutionNode = FALSE
	EndGlobalSection
	GlobalSection(ExtensibilityGlobals) = postSolution
		SolutionGuid = {FE23CF9B-61A0-45CF-834D-AA54161750C8}
	EndGlobalSection
EndGlobal
